
Microsoft Visual Studio Solution File, Format Version 12.00
# Visual Studio Version 16
VisualStudioVersion = 16.0.29905.134
MinimumVisualStudioVersion = 10.0.40219.1
Project("{FAE04EC0-301F-11D3-BF4B-00C04F79EFBC}") = "BddfyWithNUnitDemo", "BddfyWithNUnitDemo.csproj", "{DF157F06-E7EE-4746-8486-2A4E30EF78E4}"
EndProject
Global
	GlobalSection(SolutionConfigurationPlatforms) = preSolution
		Debug|Any CPU = Debug|Any CPU
		Release|Any CPU = Release|Any CPU
	EndGlobalSection
	GlobalSection(ProjectConfigurationPlatforms) = postSolution
		{DF157F06-E7EE-4746-8486-2A4E30EF78E4}.Debug|Any CPU.ActiveCfg = Debug|Any CPU
		{DF157F06-E7EE-4746-8486-2A4E30EF78E4}.Debug|Any CPU.Build.0 = Debug|Any CPU
		{DF157F06-E7EE-4746-8486-2A4E30EF78E4}.Release|Any CPU.ActiveCfg = Release|Any CPU
		{DF157F06-E7EE-4746-8486-2A4E30EF78E4}.Release|Any CPU.Build.0 = Release|Any CPU
	EndGlobalSection
	GlobalSection(SolutionProperties) = preSolution
		HideSolutionNode = FALSE
	EndGlobalSection
	GlobalSection(ExtensibilityGlobals) = postSolution
		SolutionGuid = {7175F8DD-8F80-469E-AE50-703F323D0E57}
	EndGlobalSection
EndGlobal
